{
  "name": "op-verify-a-credential-example",
  "lockfileVersion": 3,
  "requires": true,
  "packages": {
    "": {
      "name": "op-verify-a-credential-example",
      "dependencies": {
        "@observer-protocol/policy-engine": "^1.0.0-rc.15"
      }
    },
    "node_modules/@observer-protocol/policy-engine": {
      "version": "1.0.0-rc.15",
      "resolved": "https://registry.npmjs.org/@observer-protocol/policy-engine/-/policy-engine-1.0.0-rc.15.tgz",
      "integrity": "sha512-sOI5pEfDf+zrCXdwovD4UvAWRPPMJrQ0ARf14yyXkFkMwNfo1h6sfbyb4OCbll4zaTPtLgjolpb+C+Y+Rw0hXQ==",
      "license": "MIT",
      "engines": {
        "node": ">=18"
      }
    }
  }
}
