{
  "name": "op-verify-a-credential-example",
  "lockfileVersion": 3,
  "requires": true,
  "packages": {
    "": {
      "name": "op-verify-a-credential-example",
      "dependencies": {
        "@observer-protocol/policy-engine": "^0.4.0"
      }
    },
    "node_modules/@observer-protocol/policy-engine": {
      "version": "0.4.0",
      "resolved": "https://registry.npmjs.org/@observer-protocol/policy-engine/-/policy-engine-0.4.0.tgz",
      "integrity": "sha512-h+fRLPWENUGQRjU6AC3XnCHZfIJm+42VGc2yjRcuKQCuEQYDma1LNfi2HCwVpks1qfv97vb5lQZZELUZmSNpiw==",
      "license": "MIT",
      "engines": {
        "node": ">=18"
      }
    }
  }
}
